
Microsoft Visual Studio Solution File, Format Version 12.00
# Visual Studio 15
VisualStudioVersion = 15.0.26730.16
MinimumVisualStudioVersion = 10.0.40219.1
Project("{FAE04EC0-301F-11D3-BF4B-00C04F79EFBC}") = "WebApi", "WebApi\WebApi.csproj", "{FADB126C-BB09-40A0-AC5C-03F7BC55AF23}"
EndProject
Global
	GlobalSection(SolutionConfigurationPlatforms) = preSolution
		Debug|Any CPU = Debug|Any CPU
		Release|Any CPU = Release|Any CPU
	EndGlobalSection
	GlobalSection(ProjectConfigurationPlatforms) = postSolution
		{FADB126C-BB09-40A0-AC5C-03F7BC55AF23}.Debug|Any CPU.ActiveCfg = Debug|Any CPU
		{FADB126C-BB09-40A0-AC5C-03F7BC55AF23}.Debug|Any CPU.Build.0 = Debug|Any CPU
		{FADB126C-BB09-40A0-AC5C-03F7BC55AF23}.Release|Any CPU.ActiveCfg = Release|Any CPU
		{FADB126C-BB09-40A0-AC5C-03F7BC55AF23}.Release|Any CPU.Build.0 = Release|Any CPU
	EndGlobalSection
	GlobalSection(SolutionProperties) = preSolution
		HideSolutionNode = FALSE
	EndGlobalSection
	GlobalSection(ExtensibilityGlobals) = postSolution
		SolutionGuid = {68D2157A-AB96-42A3-A8E6-EFB8A29B721E}
	EndGlobalSection
EndGlobal
